
Microsoft Visual Studio Solution File, Format Version 12.00
# Visual Studio Version 17
VisualStudioVersion = 17.0.31903.59
MinimumVisualStudioVersion = 10.0.40219.1
Project("{FAE04EC0-301F-11D3-BF4B-00C04F79EFBC}") = "Hotel listing API", "Hotel listing API\Hotel listing API.csproj", "{555FEE26-B3E9-4203-8D29-104AC0823BFB}"
EndProject
Global
	GlobalSection(SolutionConfigurationPlatforms) = preSolution
		Debug|Any CPU = Debug|Any CPU
		Release|Any CPU = Release|Any CPU
	EndGlobalSection
	GlobalSection(ProjectConfigurationPlatforms) = postSolution
		{555FEE26-B3E9-4203-8D29-104AC0823BFB}.Debug|Any CPU.ActiveCfg = Debug|Any CPU
		{555FEE26-B3E9-4203-8D29-104AC0823BFB}.Debug|Any CPU.Build.0 = Debug|Any CPU
		{555FEE26-B3E9-4203-8D29-104AC0823BFB}.Release|Any CPU.ActiveCfg = Release|Any CPU
		{555FEE26-B3E9-4203-8D29-104AC0823BFB}.Release|Any CPU.Build.0 = Release|Any CPU
	EndGlobalSection
	GlobalSection(SolutionProperties) = preSolution
		HideSolutionNode = FALSE
	EndGlobalSection
	GlobalSection(ExtensibilityGlobals) = postSolution
		SolutionGuid = {C8B04BF7-4E6A-44E3-A544-E8B7687F7E8E}
	EndGlobalSection
EndGlobal
